{
  "originHash" : "fb6df767351831e00c5bfdf0d42fd57d972fea78f7e796fc5e76d08f71499fc0",
  "pins" : [
    {
      "identity" : "swiftsoup",
      "kind" : "remoteSourceControl",
      "location" : "https://github.com/scinfu/SwiftSoup.git",
      "state" : {
        "revision" : "bba848db50462894e7fc0891d018dfecad4ef11e",
        "version" : "2.8.7"
      }
    },
    {
      "identity" : "swiftui-toasts",
      "kind" : "remoteSourceControl",
      "location" : "https://github.com/sunghyun-k/swiftui-toasts",
      "state" : {
        "revision" : "a9e96531424d3d0f6891076efefe86bb911448dc",
        "version" : "0.2.0"
      }
    },
    {
      "identity" : "swiftui-window-overlay",
      "kind" : "remoteSourceControl",
      "location" : "https://github.com/sunghyun-k/swiftui-window-overlay.git",
      "state" : {
        "revision" : "af0adae224dfe27e094bdef19a71fa4cc020cfbb",
        "version" : "1.0.1"
      }
    }
  ],
  "version" : 3
}
